
Microsoft Visual Studio Solution File, Format Version 12.00
# Visual Studio Version 17
VisualStudioVersion = 17.5.33402.96
MinimumVisualStudioVersion = 10.0.40219.1
Project("{9A19103F-16F7-4668-BE54-9A1E7A4F7556}") = "Logistics.Core", "Logistics.Core\Logistics.Core.csproj", "{96739C77-279E-4CB3-A02A-0EA841257858}"
EndProject
Project("{9A19103F-16F7-4668-BE54-9A1E7A4F7556}") = "Logistics.Shared", "Logistics.Shared\Logistics.Shared.csproj", "{4E7854F1-43BC-45A0-BDF2-B7F945448DC1}"
EndProject
Project("{9A19103F-16F7-4668-BE54-9A1E7A4F7556}") = "Logistics.Web", "Logistics.Web\Logistics.Web.csproj", "{4E4FC1EC-C7FE-43AE-8E0A-448C9ADE564D}"
EndProject
Project("{9A19103F-16F7-4668-BE54-9A1E7A4F7556}") = "Logistics.AppClient", "Logistics.AppClient\Logistics.AppClient.csproj", "{B6992394-FC29-4EFC-ABA2-B86DE64B0CEC}"
EndProject
Global
	GlobalSection(SolutionConfigurationPlatforms) = preSolution
		Debug|Any CPU = Debug|Any CPU
		Release|Any CPU = Release|Any CPU
	EndGlobalSection
	GlobalSection(ProjectConfigurationPlatforms) = postSolution
		{96739C77-279E-4CB3-A02A-0EA841257858}.Debug|Any CPU.ActiveCfg = Debug|Any CPU
		{96739C77-279E-4CB3-A02A-0EA841257858}.Debug|Any CPU.Build.0 = Debug|Any CPU
		{96739C77-279E-4CB3-A02A-0EA841257858}.Release|Any CPU.ActiveCfg = Release|Any CPU
		{96739C77-279E-4CB3-A02A-0EA841257858}.Release|Any CPU.Build.0 = Release|Any CPU
		{4E7854F1-43BC-45A0-BDF2-B7F945448DC1}.Debug|Any CPU.ActiveCfg = Debug|Any CPU
		{4E7854F1-43BC-45A0-BDF2-B7F945448DC1}.Debug|Any CPU.Build.0 = Debug|Any CPU
		{4E7854F1-43BC-45A0-BDF2-B7F945448DC1}.Release|Any CPU.ActiveCfg = Release|Any CPU
		{4E7854F1-43BC-45A0-BDF2-B7F945448DC1}.Release|Any CPU.Build.0 = Release|Any CPU
		{4E4FC1EC-C7FE-43AE-8E0A-448C9ADE564D}.Debug|Any CPU.ActiveCfg = Debug|Any CPU
		{4E4FC1EC-C7FE-43AE-8E0A-448C9ADE564D}.Debug|Any CPU.Build.0 = Debug|Any CPU
		{4E4FC1EC-C7FE-43AE-8E0A-448C9ADE564D}.Release|Any CPU.ActiveCfg = Release|Any CPU
		{4E4FC1EC-C7FE-43AE-8E0A-448C9ADE564D}.Release|Any CPU.Build.0 = Release|Any CPU
		{B6992394-FC29-4EFC-ABA2-B86DE64B0CEC}.Debug|Any CPU.ActiveCfg = Debug|Any CPU
		{B6992394-FC29-4EFC-ABA2-B86DE64B0CEC}.Debug|Any CPU.Build.0 = Debug|Any CPU
		{B6992394-FC29-4EFC-ABA2-B86DE64B0CEC}.Debug|Any CPU.Deploy.0 = Debug|Any CPU
		{B6992394-FC29-4EFC-ABA2-B86DE64B0CEC}.Release|Any CPU.ActiveCfg = Release|Any CPU
		{B6992394-FC29-4EFC-ABA2-B86DE64B0CEC}.Release|Any CPU.Build.0 = Release|Any CPU
		{B6992394-FC29-4EFC-ABA2-B86DE64B0CEC}.Release|Any CPU.Deploy.0 = Release|Any CPU
	EndGlobalSection
	GlobalSection(SolutionProperties) = preSolution
		HideSolutionNode = FALSE
	EndGlobalSection
	GlobalSection(ExtensibilityGlobals) = postSolution
		SolutionGuid = {D3F49FCA-1284-483D-8BD3-C497610E1FD9}
	EndGlobalSection
EndGlobal
