
Microsoft Visual Studio Solution File, Format Version 12.00
# Visual Studio Version 17
VisualStudioVersion = 17.5.33402.96
MinimumVisualStudioVersion = 10.0.40219.1
Project("{FAE04EC0-301F-11D3-BF4B-00C04F79EFBC}") = "Logistics.Core", "Logistics.Core\Logistics.Core.csproj", "{96739C77-279E-4CB3-A02A-0EA841257858}"
EndProject
Project("{FAE04EC0-301F-11D3-BF4B-00C04F79EFBC}") = "Logistics.Shared", "Logistics.Shared\Logistics.Shared.csproj", "{4E7854F1-43BC-45A0-BDF2-B7F945448DC1}"
EndProject
Global
	GlobalSection(SolutionConfigurationPlatforms) = preSolution
		Debug|Any CPU = Debug|Any CPU
		Release|Any CPU = Release|Any CPU
	EndGlobalSection
	GlobalSection(ProjectConfigurationPlatforms) = postSolution
		{96739C77-279E-4CB3-A02A-0EA841257858}.Debug|Any CPU.ActiveCfg = Debug|Any CPU
		{96739C77-279E-4CB3-A02A-0EA841257858}.Debug|Any CPU.Build.0 = Debug|Any CPU
		{96739C77-279E-4CB3-A02A-0EA841257858}.Release|Any CPU.ActiveCfg = Release|Any CPU
		{96739C77-279E-4CB3-A02A-0EA841257858}.Release|Any CPU.Build.0 = Release|Any CPU
		{4E7854F1-43BC-45A0-BDF2-B7F945448DC1}.Debug|Any CPU.ActiveCfg = Debug|Any CPU
		{4E7854F1-43BC-45A0-BDF2-B7F945448DC1}.Debug|Any CPU.Build.0 = Debug|Any CPU
		{4E7854F1-43BC-45A0-BDF2-B7F945448DC1}.Release|Any CPU.ActiveCfg = Release|Any CPU
		{4E7854F1-43BC-45A0-BDF2-B7F945448DC1}.Release|Any CPU.Build.0 = Release|Any CPU
	EndGlobalSection
	GlobalSection(SolutionProperties) = preSolution
		HideSolutionNode = FALSE
	EndGlobalSection
	GlobalSection(ExtensibilityGlobals) = postSolution
		SolutionGuid = {D3F49FCA-1284-483D-8BD3-C497610E1FD9}
	EndGlobalSection
EndGlobal
